# This file is generated by running "yarn install" inside your project.
# Manual changes might be lost - proceed with caution!

__metadata:
  version: 6
  cacheKey: 8

"@types/json5@npm:^0.0.29":
  version: 0.0.29
  resolution: "@types/json5@npm:0.0.29"
  checksum: e60b153664572116dfea673c5bda7778dbff150498f44f998e34b5886d8afc47f16799280e4b6e241c0472aef1bc36add771c569c68fc5125fc2ae519a3eb9ac
  languageName: node
  linkType: hard

"@types/node@npm:^24.0.0":
  version: 24.13.2
  resolution: "@types/node@npm:24.13.2"
  dependencies:
    undici-types: ~7.18.0
  checksum: a1cdc5f2e2ee1fd38cfad3c2b548b8a9b5cb7edc2fb0524fabe62d27b8d9a247d9e781d7b4698bae7de8817743870a1a9ebef987dcda7e20545ff66a3828365b
  languageName: node
  linkType: hard

"arrify@npm:^1.0.0":
  version: 1.0.1
  resolution: "arrify@npm:1.0.1"
  checksum: 745075dd4a4624ff0225c331dacb99be501a515d39bcb7c84d24660314a6ec28e68131b137e6f7e16318170842ce97538cd298fc4cd6b2cc798e0b957f2747e7
  languageName: node
  linkType: hard

"buffer-from@npm:^1.0.0, buffer-from@npm:^1.1.0":
  version: 1.1.2
  resolution: "buffer-from@npm:1.1.2"
  checksum: 0448524a562b37d4d7ed9efd91685a5b77a50672c556ea254ac9a6d30e3403a517d8981f10e565db24e8339413b43c97ca2951f10e399c6125a0d8911f5679bb
  languageName: node
  linkType: hard

"diff@npm:^3.1.0":
  version: 3.5.1
  resolution: "diff@npm:3.5.1"
  checksum: 8fadda0a1c9837abb5043422b58d61b5a019c3b45c3d6db7c928c0b47929e10e18198748a823b6a06a58671c5530b0acbf79f6cfb9914a2ae5b67208526d5334
  languageName: node
  linkType: hard

"json5@npm:^1.0.2":
  version: 1.0.2
  resolution: "json5@npm:1.0.2"
  dependencies:
    minimist: ^1.2.0
  bin:
    json5: lib/cli.js
  checksum: 866458a8c58a95a49bef3adba929c625e82532bcff1fe93f01d29cb02cac7c3fe1f4b79951b7792c2da9de0b32871a8401a6e3c5b36778ad852bf5b8a61165d7
  languageName: node
  linkType: hard

"make-error@npm:^1.1.1":
  version: 1.3.6
  resolution: "make-error@npm:1.3.6"
  checksum: b86e5e0e25f7f777b77fabd8e2cbf15737972869d852a22b7e73c17623928fccb826d8e46b9951501d3f20e51ad74ba8c59ed584f610526a48f8ccf88aaec402
  languageName: node
  linkType: hard

"minimist@npm:^1.2.0, minimist@npm:^1.2.6":
  version: 1.2.8
  resolution: "minimist@npm:1.2.8"
  checksum: 75a6d645fb122dad29c06a7597bddea977258957ed88d7a6df59b5cd3fe4a527e253e9bbf2e783e4b73657f9098b96a5fe96ab8a113655d4109108577ecf85b0
  languageName: node
  linkType: hard

"mkdirp@npm:^0.5.1":
  version: 0.5.6
  resolution: "mkdirp@npm:0.5.6"
  dependencies:
    minimist: ^1.2.6
  bin:
    mkdirp: bin/cmd.js
  checksum: 0c91b721bb12c3f9af4b77ebf73604baf350e64d80df91754dc509491ae93bf238581e59c7188360cec7cb62fc4100959245a42cfe01834efedc5e9d068376c2
  languageName: node
  linkType: hard

"physis-orrery@workspace:.":
  version: 0.0.0-use.local
  resolution: "physis-orrery@workspace:."
  dependencies:
    "@types/node": ^24.0.0
    ts-mocha: ^10.0.0
    typescript: ^5.7.0
  languageName: unknown
  linkType: soft

"source-map-support@npm:^0.5.6":
  version: 0.5.21
  resolution: "source-map-support@npm:0.5.21"
  dependencies:
    buffer-from: ^1.0.0
    source-map: ^0.6.0
  checksum: 43e98d700d79af1d36f859bdb7318e601dfc918c7ba2e98456118ebc4c4872b327773e5a1df09b0524e9e5063bb18f0934538eace60cca2710d1fa687645d137
  languageName: node
  linkType: hard

"source-map@npm:^0.6.0":
  version: 0.6.1
  resolution: "source-map@npm:0.6.1"
  checksum: 59ce8640cf3f3124f64ac289012c2b8bd377c238e316fb323ea22fbfe83da07d81e000071d7242cad7a23cd91c7de98e4df8830ec3f133cb6133a5f6e9f67bc2
  languageName: node
  linkType: hard

"strip-bom@npm:^3.0.0":
  version: 3.0.0
  resolution: "strip-bom@npm:3.0.0"
  checksum: 8d50ff27b7ebe5ecc78f1fe1e00fcdff7af014e73cf724b46fb81ef889eeb1015fc5184b64e81a2efe002180f3ba431bdd77e300da5c6685d702780fbf0c8d5b
  languageName: node
  linkType: hard

"ts-mocha@npm:^10.0.0":
  version: 10.1.0
  resolution: "ts-mocha@npm:10.1.0"
  dependencies:
    ts-node: 7.0.1
    tsconfig-paths: ^3.5.0
  peerDependencies:
    mocha: ^3.X.X || ^4.X.X || ^5.X.X || ^6.X.X || ^7.X.X || ^8.X.X || ^9.X.X || ^10.X.X || ^11.X.X
  dependenciesMeta:
    tsconfig-paths:
      optional: true
  bin:
    ts-mocha: bin/ts-mocha
  checksum: 0505ddccb5583e4ca7d0d50738589f3e93d63b12d215deb1d24aa099dfb960d36e118ca935150b412e471cc86e78fe65474226fbabdc3c461a34a0bbd443235d
  languageName: node
  linkType: hard

"ts-node@npm:7.0.1":
  version: 7.0.1
  resolution: "ts-node@npm:7.0.1"
  dependencies:
    arrify: ^1.0.0
    buffer-from: ^1.1.0
    diff: ^3.1.0
    make-error: ^1.1.1
    minimist: ^1.2.0
    mkdirp: ^0.5.1
    source-map-support: ^0.5.6
    yn: ^2.0.0
  bin:
    ts-node: dist/bin.js
  checksum: 07ed6ea1805361828737a767cfd6c57ea6e267ee8679282afb933610af02405e1a87c1f2aea1d38ed8e66b34fcbf6272b6021ab95d78849105d2e57fc283870b
  languageName: node
  linkType: hard

"tsconfig-paths@npm:^3.5.0":
  version: 3.15.0
  resolution: "tsconfig-paths@npm:3.15.0"
  dependencies:
    "@types/json5": ^0.0.29
    json5: ^1.0.2
    minimist: ^1.2.6
    strip-bom: ^3.0.0
  checksum: 59f35407a390d9482b320451f52a411a256a130ff0e7543d18c6f20afab29ac19fbe55c360a93d6476213cc335a4d76ce90f67df54c4e9037f7d240920832201
  languageName: node
  linkType: hard

"typescript@npm:^5.7.0":
  version: 5.9.3
  resolution: "typescript@npm:5.9.3"
  bin:
    tsc: bin/tsc
    tsserver: bin/tsserver
  checksum: 0d0ffb84f2cd072c3e164c79a2e5a1a1f4f168e84cb2882ff8967b92afe1def6c2a91f6838fb58b168428f9458c57a2ba06a6737711fdd87a256bbe83e9a217f
  languageName: node
  linkType: hard

"typescript@patch:typescript@^5.7.0#~builtin<compat/typescript>":
  version: 5.9.3
  resolution: "typescript@patch:typescript@npm%3A5.9.3#~builtin<compat/typescript>::version=5.9.3&hash=7ad353"
  bin:
    tsc: bin/tsc
    tsserver: bin/tsserver
  checksum: 8bb8d86819ac86a498eada254cad7fb69c5f74778506c700c2a712daeaff21d3a6f51fd0d534fe16903cb010d1b74f89437a3d02d4d0ff5ca2ba9a4660de8497
  languageName: node
  linkType: hard

"undici-types@npm:~7.18.0":
  version: 7.18.2
  resolution: "undici-types@npm:7.18.2"
  checksum: 23da306c8366574adec305b06a8519ab5c7d09e3f5d16c1a98709a34fae17da09ec95198f30f86c00055e02efa8bfcc843e84e8aebeb9b8d6bb3e06afccae07a
  languageName: node
  linkType: hard

"yn@npm:^2.0.0":
  version: 2.0.0
  resolution: "yn@npm:2.0.0"
  checksum: 9d49527cb3e9a0948cc057223810bf30607bf04b9ff7666cc1681a6501d660b60d90000c16f9e29311b0f28d8a06222ada565ccdca5f1049cdfefb1908217572
  languageName: node
  linkType: hard
